
Microsoft Visual Studio Solution File, Format Version 12.00
# Visual Studio Version 17
VisualStudioVersion = 17.13.35806.99 d17.13
MinimumVisualStudioVersion = 10.0.40219.1
Project("{FAE04EC0-301F-11D3-BF4B-00C04F79EFBC}") = "EMPLOYEE_CRUID_API", "EMPLOYEE_CRUID_API.csproj", "{4E71CB60-B66D-4377-ADBF-79EFFF3D5605}"
EndProject
Global
	GlobalSection(SolutionConfigurationPlatforms) = preSolution
		Debug|Any CPU = Debug|Any CPU
		Release|Any CPU = Release|Any CPU
	EndGlobalSection
	GlobalSection(ProjectConfigurationPlatforms) = postSolution
		{4E71CB60-B66D-4377-ADBF-79EFFF3D5605}.Debug|Any CPU.ActiveCfg = Debug|Any CPU
		{4E71CB60-B66D-4377-ADBF-79EFFF3D5605}.Debug|Any CPU.Build.0 = Debug|Any CPU
		{4E71CB60-B66D-4377-ADBF-79EFFF3D5605}.Release|Any CPU.ActiveCfg = Release|Any CPU
		{4E71CB60-B66D-4377-ADBF-79EFFF3D5605}.Release|Any CPU.Build.0 = Release|Any CPU
	EndGlobalSection
	GlobalSection(SolutionProperties) = preSolution
		HideSolutionNode = FALSE
	EndGlobalSection
	GlobalSection(ExtensibilityGlobals) = postSolution
		SolutionGuid = {B8013FB4-EB08-48B2-85A6-5C0C515F52B2}
	EndGlobalSection
EndGlobal
